
Microsoft Visual Studio Solution File, Format Version 12.00
# Visual Studio Version 17
VisualStudioVersion = 17.11.35327.3
MinimumVisualStudioVersion = 10.0.40219.1
Project("{FAE04EC0-301F-11D3-BF4B-00C04F79EFBC}") = "Maboussole", "Maboussole.csproj", "{42697C47-CA63-42CE-BAED-740CB2B6C85A}"
EndProject
Global
	GlobalSection(SolutionConfigurationPlatforms) = preSolution
		Debug|Any CPU = Debug|Any CPU
		Release|Any CPU = Release|Any CPU
	EndGlobalSection
	GlobalSection(ProjectConfigurationPlatforms) = postSolution
		{42697C47-CA63-42CE-BAED-740CB2B6C85A}.Debug|Any CPU.ActiveCfg = Debug|Any CPU
		{42697C47-CA63-42CE-BAED-740CB2B6C85A}.Debug|Any CPU.Build.0 = Debug|Any CPU
		{42697C47-CA63-42CE-BAED-740CB2B6C85A}.Debug|Any CPU.Deploy.0 = Debug|Any CPU
		{42697C47-CA63-42CE-BAED-740CB2B6C85A}.Release|Any CPU.ActiveCfg = Release|Any CPU
		{42697C47-CA63-42CE-BAED-740CB2B6C85A}.Release|Any CPU.Build.0 = Release|Any CPU
		{42697C47-CA63-42CE-BAED-740CB2B6C85A}.Release|Any CPU.Deploy.0 = Release|Any CPU
	EndGlobalSection
	GlobalSection(SolutionProperties) = preSolution
		HideSolutionNode = FALSE
	EndGlobalSection
	GlobalSection(ExtensibilityGlobals) = postSolution
		SolutionGuid = {DE32D5FE-33A1-4EF0-B2A8-6A8C9D0591C2}
	EndGlobalSection
EndGlobal
